
Microsoft Visual Studio Solution File, Format Version 12.00
# Visual Studio Version 17
VisualStudioVersion = 17.13.36105.23 d17.13
MinimumVisualStudioVersion = 10.0.40219.1
Project("{FAE04EC0-301F-11D3-BF4B-00C04F79EFBC}") = "parcial1", "parcial1\parcial1.csproj", "{479CE492-7C53-4F34-AEDE-523B528A9C0A}"
EndProject
Global
	GlobalSection(SolutionConfigurationPlatforms) = preSolution
		Debug|Any CPU = Debug|Any CPU
		Release|Any CPU = Release|Any CPU
	EndGlobalSection
	GlobalSection(ProjectConfigurationPlatforms) = postSolution
		{479CE492-7C53-4F34-AEDE-523B528A9C0A}.Debug|Any CPU.ActiveCfg = Debug|Any CPU
		{479CE492-7C53-4F34-AEDE-523B528A9C0A}.Debug|Any CPU.Build.0 = Debug|Any CPU
		{479CE492-7C53-4F34-AEDE-523B528A9C0A}.Release|Any CPU.ActiveCfg = Release|Any CPU
		{479CE492-7C53-4F34-AEDE-523B528A9C0A}.Release|Any CPU.Build.0 = Release|Any CPU
	EndGlobalSection
	GlobalSection(SolutionProperties) = preSolution
		HideSolutionNode = FALSE
	EndGlobalSection
	GlobalSection(ExtensibilityGlobals) = postSolution
		SolutionGuid = {5492A17A-5FF9-45EF-B387-2CB582118637}
	EndGlobalSection
EndGlobal
